# This file is autogenerated, do not edit; changes may be undone by the next 'dep ensure'.


[[projects]]
  digest = "1:ffdaeabe332e407b0b555dc1b07da507377a2ce5f9efdd852e806bd2780e133f"
  name = "github.com/Azure/azure-sdk-for-go"
  packages = ["arm/resources/resources"]
  pruneopts = "UT"
  revision = "0984e0641ae43b89283223034574d6465be93bf4"
  version = "v7.0.1-beta"

[[projects]]
  digest = "1:520240af792b19133d064483ae4b3acdbaa8f268d922b6b27fe6ca99e454b476"
  name = "github.com/Azure/go-autorest"
  packages = [
    "autorest",
    "autorest/azure",
    "autorest/date",
    "autorest/to",
    "autorest/validation",
  ]
  pruneopts = "UT"
  revision = "8a25372bbfec739b8719a9e3987400d15ef9e179"
  version = "v7.2.2"

[[projects]]
  digest = "1:2197d8dedf745a4db8a4eeec39945cd3d402a743588d9bc2641c34a3246b2171"
  name = "github.com/dgrijalva/jwt-go"
  packages = ["."]
  pruneopts = "UT"
  revision = "a601269ab70c205d26370c16f7c81e9017c14e04"

[solve-meta]
  analyzer-name = "dep"
  analyzer-version = 1
  input-imports = [
    "github.com/Azure/azure-sdk-for-go/arm/resources/resources",
    "github.com/Azure/go-autorest/autorest/azure",
    "github.com/Azure/go-autorest/autorest/to",
  ]
  solver-name = "gps-cdcl"
  solver-version = 1
